{
  "version": 4,
  "terraform_version": "1.13.3",
  "serial": 3,
  "lineage": "512f3f04-969b-fcbc-afbb-e83638ccecf1",
  "outputs": {
    "public_ip": {
      "value": "54.235.61.42",
      "type": "string"
    }
  },
  "resources": [
    {
      "mode": "managed",
      "type": "aws_instance",
      "name": "MyFirstInstnace",
      "provider": "provider[\"registry.terraform.io/hashicorp/aws\"]",
      "instances": [
        {
          "schema_version": 2,
          "attributes": {
            "ami": "ami-0ecb62995f68bb549",
            "arn": "arn:aws:ec2:us-east-1:104398007503:instance/i-0518b67ad89530fc9",
            "associate_public_ip_address": true,
            "availability_zone": "us-east-1d",
            "capacity_reservation_specification": [
              {
                "capacity_reservation_preference": "open",
                "capacity_reservation_target": []
              }
            ],
            "cpu_options": [
              {
                "amd_sev_snp": "",
                "core_count": 1,
                "threads_per_core": 1
              }
            ],
            "credit_specification": [
              {
                "cpu_credits": "standard"
              }
            ],
            "disable_api_stop": false,
            "disable_api_termination": false,
            "ebs_block_device": [],
            "ebs_optimized": false,
            "enable_primary_ipv6": null,
            "enclave_options": [
              {
                "enabled": false
              }
            ],
            "ephemeral_block_device": [],
            "force_destroy": false,
            "get_password_data": false,
            "hibernation": false,
            "host_id": "",
            "host_resource_group_arn": null,
            "iam_instance_profile": "",
            "id": "i-0518b67ad89530fc9",
            "instance_initiated_shutdown_behavior": "stop",
            "instance_lifecycle": "",
            "instance_market_options": [],
            "instance_state": "running",
            "instance_type": "t2.micro",
            "ipv6_address_count": 0,
            "ipv6_addresses": [],
            "key_name": "levelup_key",
            "launch_template": [],
            "maintenance_options": [
              {
                "auto_recovery": "default"
              }
            ],
            "metadata_options": [
              {
                "http_endpoint": "enabled",
                "http_protocol_ipv6": "disabled",
                "http_put_response_hop_limit": 2,
                "http_tokens": "required",
                "instance_metadata_tags": "disabled"
              }
            ],
            "monitoring": false,
            "network_interface": [],
            "outpost_arn": "",
            "password_data": "",
            "placement_group": "",
            "placement_group_id": "",
            "placement_partition_number": 0,
            "primary_network_interface": [
              {
                "delete_on_termination": true,
                "network_interface_id": "eni-05d1a9e165519a592"
              }
            ],
            "primary_network_interface_id": "eni-05d1a9e165519a592",
            "private_dns": "ip-172-31-21-65.ec2.internal",
            "private_dns_name_options": [
              {
                "enable_resource_name_dns_a_record": false,
                "enable_resource_name_dns_aaaa_record": false,
                "hostname_type": "ip-name"
              }
            ],
            "private_ip": "172.31.21.65",
            "public_dns": "ec2-54-235-61-42.compute-1.amazonaws.com",
            "public_ip": "54.235.61.42",
            "region": "us-east-1",
            "root_block_device": [
              {
                "delete_on_termination": true,
                "device_name": "/dev/sda1",
                "encrypted": false,
                "iops": 3000,
                "kms_key_id": "",
                "tags": {},
                "tags_all": {},
                "throughput": 125,
                "volume_id": "vol-09c2df96d9269c969",
                "volume_size": 8,
                "volume_type": "gp3"
              }
            ],
            "secondary_private_ips": [],
            "security_groups": [
              "default"
            ],
            "source_dest_check": true,
            "spot_instance_request_id": "",
            "subnet_id": "subnet-0a89b0f2752421b70",
            "tags": {
              "Name": "custom_instance"
            },
            "tags_all": {
              "Name": "custom_instance"
            },
            "tenancy": "default",
            "timeouts": null,
            "user_data": "#! /bin/bash\napt-get update  -y\napt-get install -y apache2\nsystemctl start apache2\nsystemctl enable apache2\necho \"\u003ch1\u003eDeployed Machine via Terraform\u003c/h1\u003e\" | sudo tee /var/www/html/index.html",
            "user_data_base64": null,
            "user_data_replace_on_change": false,
            "volume_tags": null,
            "vpc_security_group_ids": [
              "sg-0bde8ebdc70a9a65d"
            ]
          },
          "sensitive_attributes": [],
          "identity_schema_version": 0,
          "identity": {
            "account_id": "104398007503",
            "id": "i-0518b67ad89530fc9",
            "region": "us-east-1"
          },
          "private": "eyJlMmJmYjczMC1lY2FhLTExZTYtOGY4OC0zNDM2M2JjN2M0YzAiOnsiY3JlYXRlIjo2MDAwMDAwMDAwMDAsImRlbGV0ZSI6MTIwMDAwMDAwMDAwMCwicmVhZCI6OTAwMDAwMDAwMDAwLCJ1cGRhdGUiOjYwMDAwMDAwMDAwMH0sInNjaGVtYV92ZXJzaW9uIjoiMiJ9",
          "dependencies": [
            "aws_key_pair.levelup_key"
          ]
        }
      ]
    },
    {
      "mode": "managed",
      "type": "aws_key_pair",
      "name": "levelup_key",
      "provider": "provider[\"registry.terraform.io/hashicorp/aws\"]",
      "instances": [
        {
          "schema_version": 1,
          "attributes": {
            "arn": "arn:aws:ec2:us-east-1:104398007503:key-pair/levelup_key",
            "fingerprint": "0f:8b:85:66:92:d9:3c:33:80:55:1e:d8:4f:83:9d:e8",
            "id": "levelup_key",
            "key_name": "levelup_key",
            "key_name_prefix": "",
            "key_pair_id": "key-0be3c9e3238d8a497",
            "key_type": "rsa",
            "public_key": "ssh-rsa AAAAB3NzaC1yc2EAAAADAQABAAABgQCblvEImLv8jxy2gagZ/WEliFt9PkjoDPZ3bhZMA0Z+DA7+FtDpe9jtCn4SMzMcOoenwtbWYG8DlohiaZderksb/4hW/zLz/KEsndx8/PVC+APeHWaoDkqLhmlkPuBybz8sRlOFrKDdmO8P+iWY/N0Yin9s6wIEEwtCKSRVrJRRlmQ+xw0hiGb+sh+rJjz+W3FbcKRpMDCg9468agsYmUGXrk8paJXqOqvJjJjjeJPOy/Pi0E5+IeGthfxJsGxu9mdlcp2lNIfggXNbgf5SX/JY3Em0ZUFmpABjE5fct7jJT26Vy0SqFjMJTT5VGBFtLO2BS0HmdiG1K9//WBI9oV0IHo4dHyT0p8SXvRlzch3cXDxzKyDTkqZCpcofHCtjQ2DOV2CTvcp/fZDQJKo9ozWfwd5JXsYtOGxIJ8nMdX8PFTkFzIgSxqZmsCPqr2OtOCt82RoeIIfZ4bFoUqOfl2+WkxUqTNzqZ61TiXGbeGj0MTQZAo7+E0kuHL0sdI4WHZE= root@ubuntu",
            "region": "us-east-1",
            "tags": null,
            "tags_all": {}
          },
          "sensitive_attributes": [],
          "identity_schema_version": 0,
          "private": "eyJzY2hlbWFfdmVyc2lvbiI6IjEifQ=="
        }
      ]
    }
  ],
  "check_results": null
}
